
Microsoft Visual Studio Solution File, Format Version 12.00
# Visual Studio Version 17
VisualStudioVersion = 17.5.002.0
MinimumVisualStudioVersion = 10.0.40219.1
Project("{9A19103F-16F7-4668-BE54-9A1E7A4F7556}") = "exercicio6", "exercicio6.csproj", "{2D4ADC5F-7AE3-4EFE-9FA3-43D94F84EB8C}"
EndProject
Global
	GlobalSection(SolutionConfigurationPlatforms) = preSolution
		Debug|Any CPU = Debug|Any CPU
		Release|Any CPU = Release|Any CPU
	EndGlobalSection
	GlobalSection(ProjectConfigurationPlatforms) = postSolution
		{2D4ADC5F-7AE3-4EFE-9FA3-43D94F84EB8C}.Debug|Any CPU.ActiveCfg = Debug|Any CPU
		{2D4ADC5F-7AE3-4EFE-9FA3-43D94F84EB8C}.Debug|Any CPU.Build.0 = Debug|Any CPU
		{2D4ADC5F-7AE3-4EFE-9FA3-43D94F84EB8C}.Release|Any CPU.ActiveCfg = Release|Any CPU
		{2D4ADC5F-7AE3-4EFE-9FA3-43D94F84EB8C}.Release|Any CPU.Build.0 = Release|Any CPU
	EndGlobalSection
	GlobalSection(SolutionProperties) = preSolution
		HideSolutionNode = FALSE
	EndGlobalSection
	GlobalSection(ExtensibilityGlobals) = postSolution
		SolutionGuid = {5733AD2B-407E-4F8C-8720-57EA01F9574B}
	EndGlobalSection
EndGlobal
