
Microsoft Visual Studio Solution File, Format Version 12.00
# Visual Studio Version 17
VisualStudioVersion = 17.5.002.0
MinimumVisualStudioVersion = 10.0.40219.1
Project("{9A19103F-16F7-4668-BE54-9A1E7A4F7556}") = "exercicio5", "exercicio5.csproj", "{39165352-DF30-431F-9311-8A67F363E9AC}"
EndProject
Global
	GlobalSection(SolutionConfigurationPlatforms) = preSolution
		Debug|Any CPU = Debug|Any CPU
		Release|Any CPU = Release|Any CPU
	EndGlobalSection
	GlobalSection(ProjectConfigurationPlatforms) = postSolution
		{39165352-DF30-431F-9311-8A67F363E9AC}.Debug|Any CPU.ActiveCfg = Debug|Any CPU
		{39165352-DF30-431F-9311-8A67F363E9AC}.Debug|Any CPU.Build.0 = Debug|Any CPU
		{39165352-DF30-431F-9311-8A67F363E9AC}.Release|Any CPU.ActiveCfg = Release|Any CPU
		{39165352-DF30-431F-9311-8A67F363E9AC}.Release|Any CPU.Build.0 = Release|Any CPU
	EndGlobalSection
	GlobalSection(SolutionProperties) = preSolution
		HideSolutionNode = FALSE
	EndGlobalSection
	GlobalSection(ExtensibilityGlobals) = postSolution
		SolutionGuid = {C7F21153-556E-4D5B-B58D-CD0DEBBA7D77}
	EndGlobalSection
EndGlobal
